
Microsoft Visual Studio Solution File, Format Version 12.00
# Visual Studio 15
VisualStudioVersion = 15.0.28307.168
MinimumVisualStudioVersion = 10.0.40219.1
Project("{9A19103F-16F7-4668-BE54-9A1E7A4F7556}") = "ReactRedux.Web", "ReactRedux.Web\ReactRedux.Web.csproj", "{1618E544-7C1B-48B7-B127-DEEB8B0E86F6}"
EndProject
Project("{9A19103F-16F7-4668-BE54-9A1E7A4F7556}") = "ReactRedux.DAL", "ReactRedux.DAL\ReactRedux.DAL.csproj", "{F984EFAE-2878-46A9-96A9-F01002DC9D97}"
EndProject
Project("{9A19103F-16F7-4668-BE54-9A1E7A4F7556}") = "ReactRedux.Logic", "ReactRedux.Logic\ReactRedux.Logic.csproj", "{01534740-8BFC-4700-B5E0-1074724E57A2}"
EndProject
Project("{9A19103F-16F7-4668-BE54-9A1E7A4F7556}") = "ReactRedux.Common", "ReactRedux.Common\ReactRedux.Common.csproj", "{EB3D68D7-1721-495E-A7B6-D211900E8FBF}"
EndProject
Global
	GlobalSection(SolutionConfigurationPlatforms) = preSolution
		Debug|Any CPU = Debug|Any CPU
		Release|Any CPU = Release|Any CPU
	EndGlobalSection
	GlobalSection(ProjectConfigurationPlatforms) = postSolution
		{1618E544-7C1B-48B7-B127-DEEB8B0E86F6}.Debug|Any CPU.ActiveCfg = Debug|Any CPU
		{1618E544-7C1B-48B7-B127-DEEB8B0E86F6}.Debug|Any CPU.Build.0 = Debug|Any CPU
		{1618E544-7C1B-48B7-B127-DEEB8B0E86F6}.Release|Any CPU.ActiveCfg = Release|Any CPU
		{1618E544-7C1B-48B7-B127-DEEB8B0E86F6}.Release|Any CPU.Build.0 = Release|Any CPU
		{F984EFAE-2878-46A9-96A9-F01002DC9D97}.Debug|Any CPU.ActiveCfg = Debug|Any CPU
		{F984EFAE-2878-46A9-96A9-F01002DC9D97}.Debug|Any CPU.Build.0 = Debug|Any CPU
		{F984EFAE-2878-46A9-96A9-F01002DC9D97}.Release|Any CPU.ActiveCfg = Release|Any CPU
		{F984EFAE-2878-46A9-96A9-F01002DC9D97}.Release|Any CPU.Build.0 = Release|Any CPU
		{01534740-8BFC-4700-B5E0-1074724E57A2}.Debug|Any CPU.ActiveCfg = Debug|Any CPU
		{01534740-8BFC-4700-B5E0-1074724E57A2}.Debug|Any CPU.Build.0 = Debug|Any CPU
		{01534740-8BFC-4700-B5E0-1074724E57A2}.Release|Any CPU.ActiveCfg = Release|Any CPU
		{01534740-8BFC-4700-B5E0-1074724E57A2}.Release|Any CPU.Build.0 = Release|Any CPU
		{EB3D68D7-1721-495E-A7B6-D211900E8FBF}.Debug|Any CPU.ActiveCfg = Debug|Any CPU
		{EB3D68D7-1721-495E-A7B6-D211900E8FBF}.Debug|Any CPU.Build.0 = Debug|Any CPU
		{EB3D68D7-1721-495E-A7B6-D211900E8FBF}.Release|Any CPU.ActiveCfg = Release|Any CPU
		{EB3D68D7-1721-495E-A7B6-D211900E8FBF}.Release|Any CPU.Build.0 = Release|Any CPU
	EndGlobalSection
	GlobalSection(SolutionProperties) = preSolution
		HideSolutionNode = FALSE
	EndGlobalSection
	GlobalSection(ExtensibilityGlobals) = postSolution
		SolutionGuid = {501892B2-2FE1-4665-AB3D-6F64302040B3}
	EndGlobalSection
EndGlobal
